// !$*UTF8*$!
{
	archiveVersion = 1;
	classes = {
	};
	objectVersion = 46;
	objects = {

/* Begin PBXBuildFile section */
		4B64BCEAD2A581A05B92FAC3 /* Pods_EmailLogin.framework in Frameworks */ = {isa = PBXBuildFile; fileRef = 89EAC01C5951C180C145D610 /* Pods_EmailLogin.framework */; };
		FD183E361DDE3A4000369E04 /* AppDelegate.swift in Sources */ = {isa = PBXBuildFile; fileRef = FD183E351DDE3A4000369E04 /* AppDelegate.swift */; };
		FD183E381DDE3A4000369E04 /* ViewController.swift in Sources */ = {isa = PBXBuildFile; fileRef = FD183E371DDE3A4000369E04 /* ViewController.swift */; };
		FD183E3B1DDE3A4000369E04 /* Main.storyboard in Resources */ = {isa = PBXBuildFile; fileRef = FD183E391DDE3A4000369E04 /* Main.storyboard */; };
		FD183E3D1DDE3A4000369E04 /* Assets.xcassets in Resources */ = {isa = PBXBuildFile; fileRef = FD183E3C1DDE3A4000369E04 /* Assets.xcassets */; };
		FD183E401DDE3A4000369E04 /* LaunchScreen.storyboard in Resources */ = {isa = PBXBuildFile; fileRef = FD183E3E1DDE3A4000369E04 /* LaunchScreen.storyboard */; };
		FD183E481DDE3AE800369E04 /* GoogleService-Info.plist in Resources */ = {isa = PBXBuildFile; fileRef = FD183E471DDE3AE800369E04 /* GoogleService-Info.plist */; };
		FDD64F011DDE83F000B9AE60 /* MapViewController.swift in Sources */ = {isa = PBXBuildFile; fileRef = FDD64F001DDE83F000B9AE60 /* MapViewController.swift */; };
/* End PBXBuildFile section */

/* Begin PBXFileReference section */
		4A64E4143E44F1FDCD80452E /* Pods-EmailLogin.release.xcconfig */ = {isa = PBXFileReference; includeInIndex = 1; lastKnownFileType = text.xcconfig; name = "Pods-EmailLogin.release.xcconfig"; path = "Pods/Target Support Files/Pods-EmailLogin/Pods-EmailLogin.release.xcconfig"; sourceTree = "<group>"; };
		89EAC01C5951C180C145D610 /* Pods_EmailLogin.framework */ = {isa = PBXFileReference; explicitFileType = wrapper.framework; includeInIndex = 0; path = Pods_EmailLogin.framework; sourceTree = BUILT_PRODUCTS_DIR; };
		FD183E321DDE3A4000369E04 /* EmailLogin.app */ = {isa = PBXFileReference; explicitFileType = wrapper.application; includeInIndex = 0; path = EmailLogin.app; sourceTree = BUILT_PRODUCTS_DIR; };
		FD183E351DDE3A4000369E04 /* AppDelegate.swift */ = {isa = PBXFileReference; lastKnownFileType = sourcecode.swift; path = AppDelegate.swift; sourceTree = "<group>"; };
		FD183E371DDE3A4000369E04 /* ViewController.swift */ = {isa = PBXFileReference; lastKnownFileType = sourcecode.swift; path = ViewController.swift; sourceTree = "<group>"; };
		FD183E3A1DDE3A4000369E04 /* Base */ = {isa = PBXFileReference; lastKnownFileType = file.storyboard; name = Base; path = Base.lproj/Main.storyboard; sourceTree = "<group>"; };
		FD183E3C1DDE3A4000369E04 /* Assets.xcassets */ = {isa = PBXFileReference; lastKnownFileType = folder.assetcatalog; path = Assets.xcassets; sourceTree = "<group>"; };
		FD183E3F1DDE3A4000369E04 /* Base */ = {isa = PBXFileReference; lastKnownFileType = file.storyboard; name = Base; path = Base.lproj/LaunchScreen.storyboard; sourceTree = "<group>"; };
		FD183E411DDE3A4000369E04 /* Info.plist */ = {isa = PBXFileReference; lastKnownFileType = text.plist.xml; path = Info.plist; sourceTree = "<group>"; };
		FD183E471DDE3AE800369E04 /* GoogleService-Info.plist */ = {isa = PBXFileReference; fileEncoding = 4; lastKnownFileType = text.plist.xml; path = "GoogleService-Info.plist"; sourceTree = "<group>"; };
		FD43A4CC0644E6B287B1D1BC /* Pods-EmailLogin.debug.xcconfig */ = {isa = PBXFileReference; includeInIndex = 1; lastKnownFileType = text.xcconfig; name = "Pods-EmailLogin.debug.xcconfig"; path = "Pods/Target Support Files/Pods-EmailLogin/Pods-EmailLogin.debug.xcconfig"; sourceTree = "<group>"; };
		FDD64F001DDE83F000B9AE60 /* MapViewController.swift */ = {isa = PBXFileReference; fileEncoding = 4; lastKnownFileType = sourcecode.swift; path = MapViewController.swift; sourceTree = "<group>"; };
/* End PBXFileReference section */

/* Begin PBXFrameworksBuildPhase section */
		FD183E2F1DDE3A4000369E04 /* Frameworks */ = {
			isa = PBXFrameworksBuildPhase;
			buildActionMask = 2147483647;
			files = (
				4B64BCEAD2A581A05B92FAC3 /* Pods_EmailLogin.framework in Frameworks */,
			);
			runOnlyForDeploymentPostprocessing = 0;
		};
/* End PBXFrameworksBuildPhase section */

/* Begin PBXGroup section */
		9CD7A49307969C52667119E8 /* Pods */ = {
			isa = PBXGroup;
			children = (
				FD43A4CC0644E6B287B1D1BC /* Pods-EmailLogin.debug.xcconfig */,
				4A64E4143E44F1FDCD80452E /* Pods-EmailLogin.release.xcconfig */,
			);
			name = Pods;
			sourceTree = "<group>";
		};
		A24DE49FA78B9B4F7E26AB55 /* Frameworks */ = {
			isa = PBXGroup;
			children = (
				89EAC01C5951C180C145D610 /* Pods_EmailLogin.framework */,
			);
			name = Frameworks;
			sourceTree = "<group>";
		};
		FD183E291DDE3A4000369E04 = {
			isa = PBXGroup;
			children = (
				FD183E341DDE3A4000369E04 /* EmailLogin */,
				FD183E331DDE3A4000369E04 /* Products */,
				9CD7A49307969C52667119E8 /* Pods */,
				A24DE49FA78B9B4F7E26AB55 /* Frameworks */,
			);
			sourceTree = "<group>";
		};
		FD183E331DDE3A4000369E04 /* Products */ = {
			isa = PBXGroup;
			children = (
				FD183E321DDE3A4000369E04 /* EmailLogin.app */,
			);
			name = Products;
			sourceTree = "<group>";
		};
		FD183E341DDE3A4000369E04 /* EmailLogin */ = {
			isa = PBXGroup;
			children = (
				FD183E471DDE3AE800369E04 /* GoogleService-Info.plist */,
				FD183E351DDE3A4000369E04 /* AppDelegate.swift */,
				FD183E371DDE3A4000369E04 /* ViewController.swift */,
				FD183E391DDE3A4000369E04 /* Main.storyboard */,
				FD183E3C1DDE3A4000369E04 /* Assets.xcassets */,
				FD183E3E1DDE3A4000369E04 /* LaunchScreen.storyboard */,
				FD183E411DDE3A4000369E04 /* Info.plist */,
				FDD64F001DDE83F000B9AE60 /* MapViewController.swift */,
			);
			path = EmailLogin;
			sourceTree = "<group>";
		};
/* End PBXGroup section */

/* Begin PBXNativeTarget section */
		FD183E311DDE3A4000369E04 /* EmailLogin */ = {
			isa = PBXNativeTarget;
			buildConfigurationList = FD183E441DDE3A4000369E04 /* Build configuration list for PBXNativeTarget "EmailLogin" */;
			buildPhases = (
				98B2426D123956986BBE9EF0 /* [CP] Check Pods Manifest.lock */,
				FD183E2E1DDE3A4000369E04 /* Sources */,
				FD183E2F1DDE3A4000369E04 /* Frameworks */,
				FD183E301DDE3A4000369E04 /* Resources */,
				B1068EBF19A9CCB47C1AD234 /* [CP] Embed Pods Frameworks */,
				20AFD9B26663C8EB697BF0BF /* [CP] Copy Pods Resources */,
			);
			buildRules = (
			);
			dependencies = (
			);
			name = EmailLogin;
			productName = EmailLogin;
			productReference = FD183E321DDE3A4000369E04 /* EmailLogin.app */;
			productType = "com.apple.product-type.application";
		};
/* End PBXNativeTarget section */

/* Begin PBXProject section */
		FD183E2A1DDE3A4000369E04 /* Project object */ = {
			isa = PBXProject;
			attributes = {
				LastSwiftUpdateCheck = 0810;
				LastUpgradeCheck = 0810;
				ORGANIZATIONNAME = Makeinfo;
				TargetAttributes = {
					FD183E311DDE3A4000369E04 = {
						CreatedOnToolsVersion = 8.1;
						DevelopmentTeam = A7AWD992KG;
						ProvisioningStyle = Automatic;
						SystemCapabilities = {
							com.apple.BackgroundModes = {
								enabled = 1;
							};
						};
					};
				};
			};
			buildConfigurationList = FD183E2D1DDE3A4000369E04 /* Build configuration list for PBXProject "EmailLogin" */;
			compatibilityVersion = "Xcode 3.2";
			developmentRegion = English;
			hasScannedForEncodings = 0;
			knownRegions = (
				en,
				Base,
			);
			mainGroup = FD183E291DDE3A4000369E04;
			productRefGroup = FD183E331DDE3A4000369E04 /* Products */;
			projectDirPath = "";
			projectRoot = "";
			targets = (
				FD183E311DDE3A4000369E04 /* EmailLogin */,
			);
		};
/* End PBXProject section */

/* Begin PBXResourcesBuildPhase section */
		FD183E301DDE3A4000369E04 /* Resources */ = {
			isa = PBXResourcesBuildPhase;
			buildActionMask = 2147483647;
			files = (
				FD183E401DDE3A4000369E04 /* LaunchScreen.storyboard in Resources */,
				FD183E481DDE3AE800369E04 /* GoogleService-Info.plist in Resources */,
				FD183E3D1DDE3A4000369E04 /* Assets.xcassets in Resources */,
				FD183E3B1DDE3A4000369E04 /* Main.storyboard in Resources */,
			);
			runOnlyForDeploymentPostprocessing = 0;
		};
/* End PBXResourcesBuildPhase section */

/* Begin PBXShellScriptBuildPhase section */
		20AFD9B26663C8EB697BF0BF /* [CP] Copy Pods Resources */ = {
			isa = PBXShellScriptBuildPhase;
			buildActionMask = 2147483647;
			files = (
			);
			inputPaths = (
			);
			name = "[CP] Copy Pods Resources";
			outputPaths = (
			);
			runOnlyForDeploymentPostprocessing = 0;
			shellPath = /bin/sh;
			shellScript = "\"${SRCROOT}/Pods/Target Support Files/Pods-EmailLogin/Pods-EmailLogin-resources.sh\"\n";
			showEnvVarsInLog = 0;
		};
		98B2426D123956986BBE9EF0 /* [CP] Check Pods Manifest.lock */ = {
			isa = PBXShellScriptBuildPhase;
			buildActionMask = 2147483647;
			files = (
			);
			inputPaths = (
			);
			name = "[CP] Check Pods Manifest.lock";
			outputPaths = (
			);
			runOnlyForDeploymentPostprocessing = 0;
			shellPath = /bin/sh;
			shellScript = "diff \"${PODS_ROOT}/../Podfile.lock\" \"${PODS_ROOT}/Manifest.lock\" > /dev/null\nif [[ $? != 0 ]] ; then\n    cat << EOM\nerror: The sandbox is not in sync with the Podfile.lock. Run 'pod install' or update your CocoaPods installation.\nEOM\n    exit 1\nfi\n";
			showEnvVarsInLog = 0;
		};
		B1068EBF19A9CCB47C1AD234 /* [CP] Embed Pods Frameworks */ = {
			isa = PBXShellScriptBuildPhase;
			buildActionMask = 2147483647;
			files = (
			);
			inputPaths = (
			);
			name = "[CP] Embed Pods Frameworks";
			outputPaths = (
			);
			runOnlyForDeploymentPostprocessing = 0;
			shellPath = /bin/sh;
			shellScript = "\"${SRCROOT}/Pods/Target Support Files/Pods-EmailLogin/Pods-EmailLogin-frameworks.sh\"\n";
			showEnvVarsInLog = 0;
		};
/* End PBXShellScriptBuildPhase section */

/* Begin PBXSourcesBuildPhase section */
		FD183E2E1DDE3A4000369E04 /* Sources */ = {
			isa = PBXSourcesBuildPhase;
			buildActionMask = 2147483647;
			files = (
				FD183E381DDE3A4000369E04 /* ViewController.swift in Sources */,
				FDD64F011DDE83F000B9AE60 /* MapViewController.swift in Sources */,
				FD183E361DDE3A4000369E04 /* AppDelegate.swift in Sources */,
			);
			runOnlyForDeploymentPostprocessing = 0;
		};
/* End PBXSourcesBuildPhase section */

/* Begin PBXVariantGroup section */
		FD183E391DDE3A4000369E04 /* Main.storyboard */ = {
			isa = PBXVariantGroup;
			children = (
				FD183E3A1DDE3A4000369E04 /* Base */,
			);
			name = Main.storyboard;
			sourceTree = "<group>";
		};
		FD183E3E1DDE3A4000369E04 /* LaunchScreen.storyboard */ = {
			isa = PBXVariantGroup;
			children = (
				FD183E3F1DDE3A4000369E04 /* Base */,
			);
			name = LaunchScreen.storyboard;
			sourceTree = "<group>";
		};
/* End PBXVariantGroup section */

/* Begin XCBuildConfiguration section */
		FD183E421DDE3A4000369E04 /* Debug */ = {
			isa = XCBuildConfiguration;
			buildSettings = {
				ALWAYS_SEARCH_USER_PATHS = NO;
				CLANG_ANALYZER_NONNULL = YES;
				CLANG_CXX_LANGUAGE_STANDARD = "gnu++0x";
				CLANG_CXX_LIBRARY = "libc++";
				CLANG_ENABLE_MODULES = YES;
				CLANG_ENABLE_OBJC_ARC = YES;
				CLANG_WARN_BOOL_CONVERSION = YES;
				CLANG_WARN_CONSTANT_CONVERSION = YES;
				CLANG_WARN_DIRECT_OBJC_ISA_USAGE = YES_ERROR;
				CLANG_WARN_DOCUMENTATION_COMMENTS = YES;
				CLANG_WARN_EMPTY_BODY = YES;
				CLANG_WARN_ENUM_CONVERSION = YES;
				CLANG_WARN_INFINITE_RECURSION = YES;
				CLANG_WARN_INT_CONVERSION = YES;
				CLANG_WARN_OBJC_ROOT_CLASS = YES_ERROR;
				CLANG_WARN_SUSPICIOUS_MOVES = YES;
				CLANG_WARN_UNREACHABLE_CODE = YES;
				CLANG_WARN__DUPLICATE_METHOD_MATCH = YES;
				"CODE_SIGN_IDENTITY[sdk=iphoneos*]" = "iPhone Developer";
				COPY_PHASE_STRIP = NO;
				DEBUG_INFORMATION_FORMAT = dwarf;
				ENABLE_STRICT_OBJC_MSGSEND = YES;
				ENABLE_TESTABILITY = YES;
				GCC_C_LANGUAGE_STANDARD = gnu99;
				GCC_DYNAMIC_NO_PIC = NO;
				GCC_NO_COMMON_BLOCKS = YES;
				GCC_OPTIMIZATION_LEVEL = 0;
				GCC_PREPROCESSOR_DEFINITIONS = (
					"DEBUG=1",
					"$(inherited)",
				);
				GCC_WARN_64_TO_32_BIT_CONVERSION = YES;
				GCC_WARN_ABOUT_RETURN_TYPE = YES_ERROR;
				GCC_WARN_UNDECLARED_SELECTOR = YES;
				GCC_WARN_UNINITIALIZED_AUTOS = YES_AGGRESSIVE;
				GCC_WARN_UNUSED_FUNCTION = YES;
				GCC_WARN_UNUSED_VARIABLE = YES;
				IPHONEOS_DEPLOYMENT_TARGET = 10.1;
				MTL_ENABLE_DEBUG_INFO = YES;
				ONLY_ACTIVE_ARCH = YES;
				SDKROOT = iphoneos;
				SWIFT_ACTIVE_COMPILATION_CONDITIONS = DEBUG;
				SWIFT_OPTIMIZATION_LEVEL = "-Onone";
			};
			name = Debug;
		};
		FD183E431DDE3A4000369E04 /* Release */ = {
			isa = XCBuildConfiguration;
			buildSettings = {
				ALWAYS_SEARCH_USER_PATHS = NO;
				CLANG_ANALYZER_NONNULL = YES;
				CLANG_CXX_LANGUAGE_STANDARD = "gnu++0x";
				CLANG_CXX_LIBRARY = "libc++";
				CLANG_ENABLE_MODULES = YES;
				CLANG_ENABLE_OBJC_ARC = YES;
				CLANG_WARN_BOOL_CONVERSION = YES;
				CLANG_WARN_CONSTANT_CONVERSION = YES;
				CLANG_WARN_DIRECT_OBJC_ISA_USAGE = YES_ERROR;
				CLANG_WARN_DOCUMENTATION_COMMENTS = YES;
				CLANG_WARN_EMPTY_BODY = YES;
				CLANG_WARN_ENUM_CONVERSION = YES;
				CLANG_WARN_INFINITE_RECURSION = YES;
				CLANG_WARN_INT_CONVERSION = YES;
				CLANG_WARN_OBJC_ROOT_CLASS = YES_ERROR;
				CLANG_WARN_SUSPICIOUS_MOVES = YES;
				CLANG_WARN_UNREACHABLE_CODE = YES;
				CLANG_WARN__DUPLICATE_METHOD_MATCH = YES;
				"CODE_SIGN_IDENTITY[sdk=iphoneos*]" = "iPhone Developer";
				COPY_PHASE_STRIP = NO;
				DEBUG_INFORMATION_FORMAT = "dwarf-with-dsym";
				ENABLE_NS_ASSERTIONS = NO;
				ENABLE_STRICT_OBJC_MSGSEND = YES;
				GCC_C_LANGUAGE_STANDARD = gnu99;
				GCC_NO_COMMON_BLOCKS = YES;
				GCC_WARN_64_TO_32_BIT_CONVERSION = YES;
				GCC_WARN_ABOUT_RETURN_TYPE = YES_ERROR;
				GCC_WARN_UNDECLARED_SELECTOR = YES;
				GCC_WARN_UNINITIALIZED_AUTOS = YES_AGGRESSIVE;
				GCC_WARN_UNUSED_FUNCTION = YES;
				GCC_WARN_UNUSED_VARIABLE = YES;
				IPHONEOS_DEPLOYMENT_TARGET = 10.1;
				MTL_ENABLE_DEBUG_INFO = NO;
				SDKROOT = iphoneos;
				SWIFT_OPTIMIZATION_LEVEL = "-Owholemodule";
				VALIDATE_PRODUCT = YES;
			};
			name = Release;
		};
		FD183E451DDE3A4000369E04 /* Debug */ = {
			isa = XCBuildConfiguration;
			baseConfigurationReference = FD43A4CC0644E6B287B1D1BC /* Pods-EmailLogin.debug.xcconfig */;
			buildSettings = {
				ASSETCATALOG_COMPILER_APPICON_NAME = AppIcon;
				DEVELOPMENT_TEAM = A7AWD992KG;
				INFOPLIST_FILE = EmailLogin/Info.plist;
				LD_RUNPATH_SEARCH_PATHS = "$(inherited) @executable_path/Frameworks";
				PRODUCT_BUNDLE_IDENTIFIER = com.martians.EmailLogin;
				PRODUCT_NAME = "$(TARGET_NAME)";
				SWIFT_VERSION = 3.0;
			};
			name = Debug;
		};
		FD183E461DDE3A4000369E04 /* Release */ = {
			isa = XCBuildConfiguration;
			baseConfigurationReference = 4A64E4143E44F1FDCD80452E /* Pods-EmailLogin.release.xcconfig */;
			buildSettings = {
				ASSETCATALOG_COMPILER_APPICON_NAME = AppIcon;
				DEVELOPMENT_TEAM = A7AWD992KG;
				INFOPLIST_FILE = EmailLogin/Info.plist;
				LD_RUNPATH_SEARCH_PATHS = "$(inherited) @executable_path/Frameworks";
				PRODUCT_BUNDLE_IDENTIFIER = com.martians.EmailLogin;
				PRODUCT_NAME = "$(TARGET_NAME)";
				SWIFT_VERSION = 3.0;
			};
			name = Release;
		};
/* End XCBuildConfiguration section */

/* Begin XCConfigurationList section */
		FD183E2D1DDE3A4000369E04 /* Build configuration list for PBXProject "EmailLogin" */ = {
			isa = XCConfigurationList;
			buildConfigurations = (
				FD183E421DDE3A4000369E04 /* Debug */,
				FD183E431DDE3A4000369E04 /* Release */,
			);
			defaultConfigurationIsVisible = 0;
			defaultConfigurationName = Release;
		};
		FD183E441DDE3A4000369E04 /* Build configuration list for PBXNativeTarget "EmailLogin" */ = {
			isa = XCConfigurationList;
			buildConfigurations = (
				FD183E451DDE3A4000369E04 /* Debug */,
				FD183E461DDE3A4000369E04 /* Release */,
			);
			defaultConfigurationIsVisible = 0;
			defaultConfigurationName = Release;
		};
/* End XCConfigurationList section */
	};
	rootObject = FD183E2A1DDE3A4000369E04 /* Project object */;
}
